{
  "nodes": {
    "home-manager": {
      "inputs": {
        "nixpkgs": "nixpkgs",
        "utils": "utils"
      },
      "locked": {
        "lastModified": 1656927578,
        "narHash": "sha256-ZSFrM/1PlJOqCb3mN88ZUh9dkQvNLU/nkoQ2tu02/FM=",
        "owner": "nix-community",
        "repo": "home-manager",
        "rev": "f2445620d177e295e711c1b2bc6c01ed6df26c16",
        "type": "github"
      },
      "original": {
        "owner": "nix-community",
        "repo": "home-manager",
        "type": "github"
      }
    },
    "nixpkgs": {
      "locked": {
        "lastModified": 1654230545,
        "narHash": "sha256-8Vlwf0x8ow6pPOK2a04bT+pxIeRnM1+O0Xv9/CuDzRs=",
        "owner": "nixos",
        "repo": "nixpkgs",
        "rev": "236cc2971ac72acd90f0ae3a797f9f83098b17ec",
        "type": "github"
      },
      "original": {
        "owner": "nixos",
        "ref": "nixos-unstable",
        "repo": "nixpkgs",
        "type": "github"
      }
    },
    "nixpkgs_2": {
      "locked": {
        "lastModified": 1657158114,
        "narHash": "sha256-1B8qm5QxY8KcDWSkn6cU98LWOz1HF0TfTGz2sp0rOs4=",
        "owner": "NixOS",
        "repo": "nixpkgs",
        "rev": "b6ee1531e3895c4952d300f84768d0a2b6c52d28",
        "type": "github"
      },
      "original": {
        "owner": "NixOS",
        "repo": "nixpkgs",
        "type": "github"
      }
    },
    "nixpkgs_3": {
      "locked": {
        "lastModified": 1657158114,
        "narHash": "sha256-1B8qm5QxY8KcDWSkn6cU98LWOz1HF0TfTGz2sp0rOs4=",
        "owner": "NixOS",
        "repo": "nixpkgs",
        "rev": "b6ee1531e3895c4952d300f84768d0a2b6c52d28",
        "type": "github"
      },
      "original": {
        "owner": "NixOS",
        "repo": "nixpkgs",
        "type": "github"
      }
    },
    "pagekite": {
      "inputs": {
        "nixpkgs": "nixpkgs_3",
        "pagekite": "pagekite_2"
      },
      "locked": {
        "lastModified": 1,
        "narHash": "sha256-gc9mRwGr+wYPOJmu5eNrFDmKwp4cbmmSqj4UyiXuyQU=",
        "path": "./packages/pagekite",
        "type": "path"
      },
      "original": {
        "path": "./packages/pagekite",
        "type": "path"
      }
    },
    "pagekite_2": {
      "flake": false,
      "locked": {
        "narHash": "sha256-sdX4Qfgu24nALfKsW4CmZlYGpshCpvaLvM7T4/yloBE=",
        "type": "file",
        "url": "https://pagekite.net/pk/pagekite.py"
      },
      "original": {
        "type": "file",
        "url": "https://pagekite.net/pk/pagekite.py"
      }
    },
    "root": {
      "inputs": {
        "home-manager": "home-manager",
        "nixpkgs": "nixpkgs_2",
        "pagekite": "pagekite"
      }
    },
    "utils": {
      "locked": {
        "lastModified": 1653893745,
        "narHash": "sha256-0jntwV3Z8//YwuOjzhV2sgJJPt+HY6KhU7VZUL0fKZQ=",
        "owner": "numtide",
        "repo": "flake-utils",
        "rev": "1ed9fb1935d260de5fe1c2f7ee0ebaae17ed2fa1",
        "type": "github"
      },
      "original": {
        "owner": "numtide",
        "repo": "flake-utils",
        "type": "github"
      }
    }
  },
  "root": "root",
  "version": 7
}
