{
  "nodes": {
    "build-machine": {
      "inputs": {
        "nixpkgs": "nixpkgs"
      },
      "locked": {
        "lastModified": 1,
        "narHash": "sha256-IjdwDmKVS8o9wN31LeFQYA5fD6xV0htA8VVN+FEVecE=",
        "path": "./machines/common/build-machine",
        "type": "path"
      },
      "original": {
        "path": "./machines/common/build-machine",
        "type": "path"
      }
    },
    "home-manager": {
      "inputs": {
        "nixpkgs": "nixpkgs_2",
        "utils": "utils"
      },
      "locked": {
        "lastModified": 1657213438,
        "narHash": "sha256-FKZRHORuj1BhlEqKgW7EYqRpH9WiAp+oV/tZ3x8e6Ow=",
        "owner": "nix-community",
        "repo": "home-manager",
        "rev": "25a9948361cc6676e70c1b439e4d40f0610e8f76",
        "type": "github"
      },
      "original": {
        "owner": "nix-community",
        "repo": "home-manager",
        "type": "github"
      }
    },
    "nixpkgs": {
      "locked": {
        "lastModified": 1657177452,
        "narHash": "sha256-CojBqno3Zbw9/788+kCjRXXornpc4jJGC6RYvTYdVkg=",
        "owner": "NixOS",
        "repo": "nixpkgs",
        "rev": "5cbfadba693e0453f3a4090e83fbf845e18d184b",
        "type": "github"
      },
      "original": {
        "id": "nixpkgs",
        "type": "indirect"
      }
    },
    "nixpkgs_2": {
      "locked": {
        "lastModified": 1654230545,
        "narHash": "sha256-8Vlwf0x8ow6pPOK2a04bT+pxIeRnM1+O0Xv9/CuDzRs=",
        "owner": "nixos",
        "repo": "nixpkgs",
        "rev": "236cc2971ac72acd90f0ae3a797f9f83098b17ec",
        "type": "github"
      },
      "original": {
        "owner": "nixos",
        "ref": "nixos-unstable",
        "repo": "nixpkgs",
        "type": "github"
      }
    },
    "nixpkgs_3": {
      "locked": {
        "lastModified": 1659131907,
        "narHash": "sha256-8bz4k18M/FuVC+EVcI4aREN2PsEKT7LGmU2orfjnpCg=",
        "owner": "NixOS",
        "repo": "nixpkgs",
        "rev": "8d435fca5c561da8168abb30270788d2da2a7951",
        "type": "github"
      },
      "original": {
        "owner": "NixOS",
        "ref": "nixos-unstable",
        "repo": "nixpkgs",
        "type": "github"
      }
    },
    "root": {
      "inputs": {
        "build-machine": "build-machine",
        "home-manager": "home-manager",
        "nixpkgs": "nixpkgs_3"
      }
    },
    "utils": {
      "locked": {
        "lastModified": 1653893745,
        "narHash": "sha256-0jntwV3Z8//YwuOjzhV2sgJJPt+HY6KhU7VZUL0fKZQ=",
        "owner": "numtide",
        "repo": "flake-utils",
        "rev": "1ed9fb1935d260de5fe1c2f7ee0ebaae17ed2fa1",
        "type": "github"
      },
      "original": {
        "owner": "numtide",
        "repo": "flake-utils",
        "type": "github"
      }
    }
  },
  "root": "root",
  "version": 7
}
