{
  "nodes": {
    "nixpkgs": {
      "locked": {
        "lastModified": 1657158114,
        "narHash": "sha256-1B8qm5QxY8KcDWSkn6cU98LWOz1HF0TfTGz2sp0rOs4=",
        "owner": "NixOS",
        "repo": "nixpkgs",
        "rev": "b6ee1531e3895c4952d300f84768d0a2b6c52d28",
        "type": "github"
      },
      "original": {
        "owner": "NixOS",
        "repo": "nixpkgs",
        "type": "github"
      }
    },
    "pagekite": {
      "flake": false,
      "locked": {
        "narHash": "sha256-sdX4Qfgu24nALfKsW4CmZlYGpshCpvaLvM7T4/yloBE=",
        "type": "file",
        "url": "https://pagekite.net/pk/pagekite.py"
      },
      "original": {
        "type": "file",
        "url": "https://pagekite.net/pk/pagekite.py"
      }
    },
    "root": {
      "inputs": {
        "nixpkgs": "nixpkgs",
        "pagekite": "pagekite"
      }
    }
  },
  "root": "root",
  "version": 7
}
